
Microsoft Visual Studio Solution File, Format Version 12.00
# Visual Studio Version 17
VisualStudioVersion = 17.0.32112.339
MinimumVisualStudioVersion = 10.0.40219.1
Project("{FAE04EC0-301F-11D3-BF4B-00C04F79EFBC}") = "diamante mardito 2", "diamante mardito 2\diamante mardito 2.csproj", "{55FB83B0-4E89-4DF0-9AE5-27E51350EFCD}"
EndProject
Global
	GlobalSection(SolutionConfigurationPlatforms) = preSolution
		Debug|Any CPU = Debug|Any CPU
		Release|Any CPU = Release|Any CPU
	EndGlobalSection
	GlobalSection(ProjectConfigurationPlatforms) = postSolution
		{55FB83B0-4E89-4DF0-9AE5-27E51350EFCD}.Debug|Any CPU.ActiveCfg = Debug|Any CPU
		{55FB83B0-4E89-4DF0-9AE5-27E51350EFCD}.Debug|Any CPU.Build.0 = Debug|Any CPU
		{55FB83B0-4E89-4DF0-9AE5-27E51350EFCD}.Release|Any CPU.ActiveCfg = Release|Any CPU
		{55FB83B0-4E89-4DF0-9AE5-27E51350EFCD}.Release|Any CPU.Build.0 = Release|Any CPU
	EndGlobalSection
	GlobalSection(SolutionProperties) = preSolution
		HideSolutionNode = FALSE
	EndGlobalSection
	GlobalSection(ExtensibilityGlobals) = postSolution
		SolutionGuid = {C792CE79-38A4-4756-AAAD-35144039C6B5}
	EndGlobalSection
EndGlobal
